
Microsoft Visual Studio Solution File, Format Version 12.00
# Visual Studio Version 17
VisualStudioVersion = 17.9.34607.119
MinimumVisualStudioVersion = 10.0.40219.1
Project("{FAE04EC0-301F-11D3-BF4B-00C04F79EFBC}") = "2.unite uygulama 7", "2.unite uygulama 7\2.unite uygulama 7.csproj", "{84B1F783-C26E-41F8-AE47-0D076647BA5B}"
EndProject
Global
	GlobalSection(SolutionConfigurationPlatforms) = preSolution
		Debug|Any CPU = Debug|Any CPU
		Release|Any CPU = Release|Any CPU
	EndGlobalSection
	GlobalSection(ProjectConfigurationPlatforms) = postSolution
		{84B1F783-C26E-41F8-AE47-0D076647BA5B}.Debug|Any CPU.ActiveCfg = Debug|Any CPU
		{84B1F783-C26E-41F8-AE47-0D076647BA5B}.Debug|Any CPU.Build.0 = Debug|Any CPU
		{84B1F783-C26E-41F8-AE47-0D076647BA5B}.Release|Any CPU.ActiveCfg = Release|Any CPU
		{84B1F783-C26E-41F8-AE47-0D076647BA5B}.Release|Any CPU.Build.0 = Release|Any CPU
	EndGlobalSection
	GlobalSection(SolutionProperties) = preSolution
		HideSolutionNode = FALSE
	EndGlobalSection
	GlobalSection(ExtensibilityGlobals) = postSolution
		SolutionGuid = {8E52B5A5-5AEF-4124-9493-8B00A914CF10}
	EndGlobalSection
EndGlobal
